# This file is automatically @generated by Cargo.
# It is not intended for manual editing.
version = 4

[[package]]
name = "softmodem"
version = "0.1.0"
dependencies = [
 "softmodem-dsp",
]

[[package]]
name = "softmodem-dsp"
version = "0.1.0"

[[package]]
name = "softmodem-transport"
version = "0.1.0"
